
Microsoft Visual Studio Solution File, Format Version 12.00
# Visual Studio Version 16
VisualStudioVersion = 16.0.30011.22
MinimumVisualStudioVersion = 10.0.40219.1
Project("{FAE04EC0-301F-11D3-BF4B-00C04F79EFBC}") = "VolunteerWebApp", "VolunteerWebApp\VolunteerWebApp.csproj", "{81DCB695-9FB6-4F84-95E5-819F05097FA8}"
EndProject
Project("{2150E333-8FDC-42A3-9474-1A3956D46DE8}") = "Solution Items", "Solution Items", "{6A3722D6-E0F6-4EB9-91E5-CA8366B45704}"
	ProjectSection(SolutionItems) = preProject
		.editorconfig = .editorconfig
	EndProjectSection
EndProject
Global
	GlobalSection(SolutionConfigurationPlatforms) = preSolution
		Debug|Any CPU = Debug|Any CPU
		Release|Any CPU = Release|Any CPU
	EndGlobalSection
	GlobalSection(ProjectConfigurationPlatforms) = postSolution
		{81DCB695-9FB6-4F84-95E5-819F05097FA8}.Debug|Any CPU.ActiveCfg = Debug|Any CPU
		{81DCB695-9FB6-4F84-95E5-819F05097FA8}.Debug|Any CPU.Build.0 = Debug|Any CPU
		{81DCB695-9FB6-4F84-95E5-819F05097FA8}.Release|Any CPU.ActiveCfg = Release|Any CPU
		{81DCB695-9FB6-4F84-95E5-819F05097FA8}.Release|Any CPU.Build.0 = Release|Any CPU
	EndGlobalSection
	GlobalSection(SolutionProperties) = preSolution
		HideSolutionNode = FALSE
	EndGlobalSection
	GlobalSection(ExtensibilityGlobals) = postSolution
		SolutionGuid = {47984624-F62F-4C2A-9D63-24985760DC2D}
	EndGlobalSection
EndGlobal
